
Microsoft Visual Studio Solution File, Format Version 12.00
# Blend for Visual Studio 15
VisualStudioVersion = 15.0.28307.539
MinimumVisualStudioVersion = 10.0.40219.1
Project("{FAE04EC0-301F-11D3-BF4B-00C04F79EFBC}") = "Clock", "Clock\Clock.csproj", "{3FB10857-7B89-43D2-BA85-6A2BD7F0390C}"
EndProject
Global
	GlobalSection(SolutionConfigurationPlatforms) = preSolution
		Debug|Any CPU = Debug|Any CPU
		Release|Any CPU = Release|Any CPU
	EndGlobalSection
	GlobalSection(ProjectConfigurationPlatforms) = postSolution
		{3FB10857-7B89-43D2-BA85-6A2BD7F0390C}.Debug|Any CPU.ActiveCfg = Debug|Any CPU
		{3FB10857-7B89-43D2-BA85-6A2BD7F0390C}.Debug|Any CPU.Build.0 = Debug|Any CPU
		{3FB10857-7B89-43D2-BA85-6A2BD7F0390C}.Release|Any CPU.ActiveCfg = Release|Any CPU
		{3FB10857-7B89-43D2-BA85-6A2BD7F0390C}.Release|Any CPU.Build.0 = Release|Any CPU
	EndGlobalSection
	GlobalSection(SolutionProperties) = preSolution
		HideSolutionNode = FALSE
	EndGlobalSection
	GlobalSection(ExtensibilityGlobals) = postSolution
		SolutionGuid = {AA6495F0-E22B-4C11-93C3-C2AA2AF075F0}
	EndGlobalSection
EndGlobal
